
Microsoft Visual Studio Solution File, Format Version 12.00
# Visual Studio Version 17
VisualStudioVersion = 17.14.36705.20 d17.14
MinimumVisualStudioVersion = 10.0.40219.1
Project("{FAE04EC0-301F-11D3-BF4B-00C04F79EFBC}") = "IMDBImport", "IMDBImport.csproj", "{76F1C6CD-2C1F-44F2-8559-7BCC4E88D6A0}"
EndProject
Project("{FAE04EC0-301F-11D3-BF4B-00C04F79EFBC}") = "IMDBApi", "..\IMDBApi\IMDBApi.csproj", "{C077F857-86B4-4FF7-8E7B-611DB34E1ED3}"
EndProject
Global
	GlobalSection(SolutionConfigurationPlatforms) = preSolution
		Debug|Any CPU = Debug|Any CPU
		Release|Any CPU = Release|Any CPU
	EndGlobalSection
	GlobalSection(ProjectConfigurationPlatforms) = postSolution
		{76F1C6CD-2C1F-44F2-8559-7BCC4E88D6A0}.Debug|Any CPU.ActiveCfg = Debug|Any CPU
		{76F1C6CD-2C1F-44F2-8559-7BCC4E88D6A0}.Debug|Any CPU.Build.0 = Debug|Any CPU
		{76F1C6CD-2C1F-44F2-8559-7BCC4E88D6A0}.Release|Any CPU.ActiveCfg = Release|Any CPU
		{76F1C6CD-2C1F-44F2-8559-7BCC4E88D6A0}.Release|Any CPU.Build.0 = Release|Any CPU
		{C077F857-86B4-4FF7-8E7B-611DB34E1ED3}.Debug|Any CPU.ActiveCfg = Debug|Any CPU
		{C077F857-86B4-4FF7-8E7B-611DB34E1ED3}.Debug|Any CPU.Build.0 = Debug|Any CPU
		{C077F857-86B4-4FF7-8E7B-611DB34E1ED3}.Release|Any CPU.ActiveCfg = Release|Any CPU
		{C077F857-86B4-4FF7-8E7B-611DB34E1ED3}.Release|Any CPU.Build.0 = Release|Any CPU
	EndGlobalSection
	GlobalSection(SolutionProperties) = preSolution
		HideSolutionNode = FALSE
	EndGlobalSection
	GlobalSection(ExtensibilityGlobals) = postSolution
		SolutionGuid = {CC099229-3997-4A2E-8CA1-F85D35BE7ED7}
	EndGlobalSection
EndGlobal
